{
  "name": "trmnl-rolling-month-calendar-preview",
  "lockfileVersion": 3,
  "requires": true,
  "packages": {
    "": {
      "name": "trmnl-rolling-month-calendar-preview",
      "dependencies": {
        "@fullcalendar/core": "7.1.0",
        "fullcalendar": "7.1.0",
        "js-yaml": "^5.4.2",
        "liquidjs": "^10.21.0",
        "playwright-core": "^1.55.0"
      }
    },
    "node_modules/@full-ui/headless-calendar": {
      "version": "7.1.0",
      "resolved": "https://registry.npmjs.org/@full-ui/headless-calendar/-/headless-calendar-7.1.0.tgz",
      "integrity": "sha512-T54tSUik/ia9Jj4xduFHv1p98eVBgLnE33Q6qhpg+WWkqKCLBCbtVyMcTPPIOP5jjTV2MbtjrRvRt1RLSryGHA==",
      "license": "MIT",
      "peerDependencies": {
        "temporal-polyfill": "^1.0.1"
      }
    },
    "node_modules/@fullcalendar/core": {
      "version": "7.1.0",
      "resolved": "https://registry.npmjs.org/@fullcalendar/core/-/core-7.1.0.tgz",
      "integrity": "sha512-a+ABP7zQpPWpwPT8EsOdShpeOVrJyx/XYStqERd8ibld/FLi/dzpd95r7w3RIdFqFm9iUv0gdGvBshSlI/dbPw==",
      "license": "MIT",
      "peerDependencies": {
        "@full-ui/headless-calendar": "7.1.0",
        "temporal-polyfill": "^1.0.1"
      }
    },
    "node_modules/argparse": {
      "version": "2.0.1",
      "resolved": "https://registry.npmjs.org/argparse/-/argparse-2.0.1.tgz",
      "integrity": "sha512-8+9WqebbFzpX9OR+Wa6O29asIogeRMzcGtAINdpMHHyAg10f05aSFVBbcEqGf/PXw1EjAZ+q2/bEBg3DvurK3Q==",
      "license": "Python-2.0"
    },
    "node_modules/commander": {
      "version": "10.0.1",
      "resolved": "https://registry.npmjs.org/commander/-/commander-10.0.1.tgz",
      "integrity": "sha512-y4Mg2tXshplEbSGzx7amzPwKKOCGuoSRP/CjEdwwk0FOGlUbq6lKuoyDZTNZkmxHdJtp54hdfY/JUrdL7Xfdug==",
      "license": "MIT",
      "engines": {
        "node": ">=14"
      }
    },
    "node_modules/fullcalendar": {
      "version": "7.1.0",
      "resolved": "https://registry.npmjs.org/fullcalendar/-/fullcalendar-7.1.0.tgz",
      "integrity": "sha512-Pvr/fLrwuwfIjRygNKHJdHFJ8QGWjkAf6FFaMAi7Iv/fFftZQXV49smJE8KTgSVW/GxrqjN5t5Zw2OBTRKcnzA==",
      "license": "MIT",
      "dependencies": {
        "@full-ui/headless-calendar": "7.1.0",
        "@fullcalendar/core": "7.1.0",
        "preact": "^10.29.8"
      },
      "peerDependencies": {
        "temporal-polyfill": "^1.0.1"
      }
    },
    "node_modules/js-yaml": {
      "version": "5.4.2",
      "resolved": "https://registry.npmjs.org/js-yaml/-/js-yaml-5.4.2.tgz",
      "integrity": "sha512-m+aqu+LwO1O6sIopafj8HUVl5aawITwZQe/yHpMCKjaWBaA/d07B/QdMb3529REftiU+RMMHL3Vlsw3hON7vWg==",
      "funding": [
        {
          "type": "github",
          "url": "https://github.com/sponsors/puzrin"
        },
        {
          "type": "github",
          "url": "https://github.com/sponsors/nodeca"
        }
      ],
      "license": "MIT",
      "dependencies": {
        "argparse": "^2.0.1"
      },
      "bin": {
        "js-yaml": "bin/js-yaml.mjs"
      }
    },
    "node_modules/liquidjs": {
      "version": "10.29.0",
      "resolved": "https://registry.npmjs.org/liquidjs/-/liquidjs-10.29.0.tgz",
      "integrity": "sha512-pCVOhs6FLAR8su3ItJ07diN26t6W5dHQRnmTMy8HPyTFuv1+oSCVJIGp5pGjfQyOZfh50KswvKtMTp6p4JEIdw==",
      "license": "MIT",
      "dependencies": {
        "commander": "^10.0.0"
      },
      "bin": {
        "liquid": "bin/liquid.js",
        "liquidjs": "bin/liquid.js"
      },
      "engines": {
        "node": ">=16"
      },
      "funding": {
        "type": "opencollective",
        "url": "https://opencollective.com/liquidjs"
      }
    },
    "node_modules/playwright-core": {
      "version": "1.63.0",
      "resolved": "https://registry.npmjs.org/playwright-core/-/playwright-core-1.63.0.tgz",
      "integrity": "sha512-rYCsBF/M5HjUch52bbtVONEFjv6Xu8sm8h72dNlR5bzIE1fvC/bxgspzkjSfU+MweEMmPM8KJebG6nnyxo5mCg==",
      "license": "Apache-2.0",
      "bin": {
        "playwright-core": "cli.js"
      },
      "engines": {
        "node": ">=20"
      }
    },
    "node_modules/preact": {
      "version": "10.29.8",
      "resolved": "https://registry.npmjs.org/preact/-/preact-10.29.8.tgz",
      "integrity": "sha512-ej2aVZ+vZ8WO7tvlQWRM9N63A0KzF9q4mWJfDUHgYaIofWY9hu74QdnQrjoPMmZi2/nZ5gN0bJCQF49xQqx09Q==",
      "license": "MIT",
      "funding": {
        "type": "opencollective",
        "url": "https://opencollective.com/preact"
      },
      "peerDependencies": {
        "preact-render-to-string": ">=5"
      },
      "peerDependenciesMeta": {
        "preact-render-to-string": {
          "optional": true
        }
      }
    },
    "node_modules/temporal-polyfill": {
      "version": "1.0.5",
      "resolved": "https://registry.npmjs.org/temporal-polyfill/-/temporal-polyfill-1.0.5.tgz",
      "integrity": "sha512-+H/mmY74i6wXCMcjIhGuSnODcyZnc4eois2myhOyX0UqRAKNXQY5m9iB1en5jQ/n4SXtjLXo1ElBI5bmn8tZwQ==",
      "license": "MIT",
      "peer": true,
      "dependencies": {
        "temporal-spec": "1.0.1",
        "temporal-utils": "1.0.3"
      }
    },
    "node_modules/temporal-spec": {
      "version": "1.0.1",
      "resolved": "https://registry.npmjs.org/temporal-spec/-/temporal-spec-1.0.1.tgz",
      "integrity": "sha512-wxVoanmDeavXie1vu2JaQ3WIc3JZnWAOYFBsJyATaVsXsycKYUflGsyBmrRSnoCpZJpwPyr38VpgSUlQ8CbFxg==",
      "license": "Apache-2.0",
      "peer": true
    },
    "node_modules/temporal-utils": {
      "version": "1.0.3",
      "resolved": "https://registry.npmjs.org/temporal-utils/-/temporal-utils-1.0.3.tgz",
      "integrity": "sha512-9jbTSX3HvkOWvDpNpFzwX/d1mkCrgQgwLmVTOEiuocZGKHsrQJtttGZFmybJ2zYP5zCSZuU5ZyeS8+eOEPABiQ==",
      "license": "MIT",
      "peer": true
    }
  }
}
