{
  "name": "trmnl-rolling-month-calendar-preview",
  "lockfileVersion": 3,
  "requires": true,
  "packages": {
    "": {
      "name": "trmnl-rolling-month-calendar-preview",
      "dependencies": {
        "@fullcalendar/core": "6.1.21",
        "fullcalendar": "6.1.21",
        "js-yaml": "^4.1.0",
        "liquidjs": "^10.21.0",
        "playwright-core": "^1.55.0"
      }
    },
    "node_modules/@fullcalendar/core": {
      "version": "6.1.21",
      "resolved": "https://registry.npmjs.org/@fullcalendar/core/-/core-6.1.21.tgz",
      "integrity": "sha512-t3u/+sqh3Iq7TWtUnVLcGDUE6OWZh0UD3c04bI/l7lSLAgAKr3kngBmhHiQD1QXpwC8ZN5iNqG7a7gOVixhSKQ==",
      "license": "MIT",
      "dependencies": {
        "preact": "~10.12.1"
      }
    },
    "node_modules/@fullcalendar/daygrid": {
      "version": "6.1.21",
      "resolved": "https://registry.npmjs.org/@fullcalendar/daygrid/-/daygrid-6.1.21.tgz",
      "integrity": "sha512-QYb1y40RGYLlOxKpYWg8O+7njEnKnFG8Tt7qjnubJGR35s1phQg67E+81y2TyAbbm59p2JFOCXGDk9t6KDujIA==",
      "license": "MIT",
      "peerDependencies": {
        "@fullcalendar/core": "~6.1.21"
      }
    },
    "node_modules/@fullcalendar/interaction": {
      "version": "6.1.21",
      "resolved": "https://registry.npmjs.org/@fullcalendar/interaction/-/interaction-6.1.21.tgz",
      "integrity": "sha512-WPYpqtljDWmU0Xm2cOtFrLlocgxv7cgkOppj34Q6OUUat8a6Cnd6kYo2JR+irP223PE5lBYHFNp1qh7SIpJc0w==",
      "license": "MIT",
      "peerDependencies": {
        "@fullcalendar/core": "~6.1.21"
      }
    },
    "node_modules/@fullcalendar/list": {
      "version": "6.1.21",
      "resolved": "https://registry.npmjs.org/@fullcalendar/list/-/list-6.1.21.tgz",
      "integrity": "sha512-2rpIhs5pJmV7jyk4oX4bckNqurt6iHcsweE3FDYDdNpmRukPrARnyQYcaVFNVw2bnBFeR/jQW/St2MlauxF3GQ==",
      "license": "MIT",
      "peerDependencies": {
        "@fullcalendar/core": "~6.1.21"
      }
    },
    "node_modules/@fullcalendar/multimonth": {
      "version": "6.1.21",
      "resolved": "https://registry.npmjs.org/@fullcalendar/multimonth/-/multimonth-6.1.21.tgz",
      "integrity": "sha512-/5IZDDcdRzgO/h7V3RBEhzhrza5TIQ2T025IjA2Dfq3xbvxSnMAl2CMcy7VrSHsKaY1eWvxQXg/NZZm7hLmDYA==",
      "license": "MIT",
      "dependencies": {
        "@fullcalendar/daygrid": "~6.1.21"
      },
      "peerDependencies": {
        "@fullcalendar/core": "~6.1.21"
      }
    },
    "node_modules/@fullcalendar/timegrid": {
      "version": "6.1.21",
      "resolved": "https://registry.npmjs.org/@fullcalendar/timegrid/-/timegrid-6.1.21.tgz",
      "integrity": "sha512-2DnShx/jallGmb8QCkr6pAOu/zuPhJrP7+uTrAtSnbqsX7GF3lTxqSeNGkTQwsgF5g/ia8udhQ+JNYaE+TN1cQ==",
      "license": "MIT",
      "dependencies": {
        "@fullcalendar/daygrid": "~6.1.21"
      },
      "peerDependencies": {
        "@fullcalendar/core": "~6.1.21"
      }
    },
    "node_modules/argparse": {
      "version": "2.0.1",
      "resolved": "https://registry.npmjs.org/argparse/-/argparse-2.0.1.tgz",
      "integrity": "sha512-8+9WqebbFzpX9OR+Wa6O29asIogeRMzcGtAINdpMHHyAg10f05aSFVBbcEqGf/PXw1EjAZ+q2/bEBg3DvurK3Q==",
      "license": "Python-2.0"
    },
    "node_modules/commander": {
      "version": "10.0.1",
      "resolved": "https://registry.npmjs.org/commander/-/commander-10.0.1.tgz",
      "integrity": "sha512-y4Mg2tXshplEbSGzx7amzPwKKOCGuoSRP/CjEdwwk0FOGlUbq6lKuoyDZTNZkmxHdJtp54hdfY/JUrdL7Xfdug==",
      "license": "MIT",
      "engines": {
        "node": ">=14"
      }
    },
    "node_modules/fullcalendar": {
      "version": "6.1.21",
      "resolved": "https://registry.npmjs.org/fullcalendar/-/fullcalendar-6.1.21.tgz",
      "integrity": "sha512-yGZhflQmfCJKmmOlwJcQ0MPNAYABieaiJp9AaRgHBMRIUxNA+VFa6mkIbVNpjdSZIy9AY2HwteTt58tJ+3ktuQ==",
      "license": "MIT",
      "dependencies": {
        "@fullcalendar/core": "~6.1.21",
        "@fullcalendar/daygrid": "~6.1.21",
        "@fullcalendar/interaction": "~6.1.21",
        "@fullcalendar/list": "~6.1.21",
        "@fullcalendar/multimonth": "~6.1.21",
        "@fullcalendar/timegrid": "~6.1.21"
      }
    },
    "node_modules/js-yaml": {
      "version": "4.3.2",
      "resolved": "https://registry.npmjs.org/js-yaml/-/js-yaml-4.3.2.tgz",
      "integrity": "sha512-SFNOvSJ+Dgf/9An904Yx+CgSlIPCkIpao4qo51lpee25TIRejdH3rhR4EZMGoNx3/TP3O+wzWuiTFl4sqbltzA==",
      "funding": [
        {
          "type": "github",
          "url": "https://github.com/sponsors/puzrin"
        },
        {
          "type": "github",
          "url": "https://github.com/sponsors/nodeca"
        }
      ],
      "license": "MIT",
      "dependencies": {
        "argparse": "^2.0.1"
      },
      "bin": {
        "js-yaml": "bin/js-yaml.js"
      }
    },
    "node_modules/liquidjs": {
      "version": "10.29.0",
      "resolved": "https://registry.npmjs.org/liquidjs/-/liquidjs-10.29.0.tgz",
      "integrity": "sha512-pCVOhs6FLAR8su3ItJ07diN26t6W5dHQRnmTMy8HPyTFuv1+oSCVJIGp5pGjfQyOZfh50KswvKtMTp6p4JEIdw==",
      "license": "MIT",
      "dependencies": {
        "commander": "^10.0.0"
      },
      "bin": {
        "liquid": "bin/liquid.js",
        "liquidjs": "bin/liquid.js"
      },
      "engines": {
        "node": ">=16"
      },
      "funding": {
        "type": "opencollective",
        "url": "https://opencollective.com/liquidjs"
      }
    },
    "node_modules/playwright-core": {
      "version": "1.63.0",
      "resolved": "https://registry.npmjs.org/playwright-core/-/playwright-core-1.63.0.tgz",
      "integrity": "sha512-rYCsBF/M5HjUch52bbtVONEFjv6Xu8sm8h72dNlR5bzIE1fvC/bxgspzkjSfU+MweEMmPM8KJebG6nnyxo5mCg==",
      "license": "Apache-2.0",
      "bin": {
        "playwright-core": "cli.js"
      },
      "engines": {
        "node": ">=20"
      }
    },
    "node_modules/preact": {
      "version": "10.12.1",
      "resolved": "https://registry.npmjs.org/preact/-/preact-10.12.1.tgz",
      "integrity": "sha512-l8386ixSsBdbreOAkqtrwqHwdvR35ID8c3rKPa8lCWuO86dBi32QWHV4vfsZK1utLLFMvw+Z5Ad4XLkZzchscg==",
      "license": "MIT",
      "funding": {
        "type": "opencollective",
        "url": "https://opencollective.com/preact"
      }
    }
  }
}
